
Microsoft Visual Studio Solution File, Format Version 12.00
# Visual Studio 2013
VisualStudioVersion = 12.0.31101.0
MinimumVisualStudioVersion = 10.0.40219.1
Project("{8BC9CEB8-8B4A-11D0-8D11-00A0C91BC942}") = "3Sum2", "3Sum2\3Sum2.vcxproj", "{C18C0B70-85EC-45B8-86DF-9FE0DB729684}"
EndProject
Project("{8BC9CEB8-8B4A-11D0-8D11-00A0C91BC942}") = "3Sum", "..\3Sum\3Sum\3Sum.vcxproj", "{19A73F37-D467-4582-BEB9-1CF27266B9F7}"
EndProject
Global
	GlobalSection(SolutionConfigurationPlatforms) = preSolution
		Debug|Win32 = Debug|Win32
		Release|Win32 = Release|Win32
	EndGlobalSection
	GlobalSection(ProjectConfigurationPlatforms) = postSolution
		{C18C0B70-85EC-45B8-86DF-9FE0DB729684}.Debug|Win32.ActiveCfg = Debug|Win32
		{C18C0B70-85EC-45B8-86DF-9FE0DB729684}.Debug|Win32.Build.0 = Debug|Win32
		{C18C0B70-85EC-45B8-86DF-9FE0DB729684}.Release|Win32.ActiveCfg = Release|Win32
		{C18C0B70-85EC-45B8-86DF-9FE0DB729684}.Release|Win32.Build.0 = Release|Win32
		{19A73F37-D467-4582-BEB9-1CF27266B9F7}.Debug|Win32.ActiveCfg = Debug|Win32
		{19A73F37-D467-4582-BEB9-1CF27266B9F7}.Debug|Win32.Build.0 = Debug|Win32
		{19A73F37-D467-4582-BEB9-1CF27266B9F7}.Release|Win32.ActiveCfg = Release|Win32
		{19A73F37-D467-4582-BEB9-1CF27266B9F7}.Release|Win32.Build.0 = Release|Win32
	EndGlobalSection
	GlobalSection(SolutionProperties) = preSolution
		HideSolutionNode = FALSE
	EndGlobalSection
EndGlobal
